# This file was autogenerated by Stack.
# You should not edit this file by hand.
# For more information, please see the documentation at:
#   https://docs.haskellstack.org/en/stable/topics/lock_files

packages:
- completed:
    hackage: llvm-hs-pure-9.0.0@sha256:10f655a15791a28cc53412ff9c7ce8245903da065d1dd3b981b33cfebd277693,3077
    pantry-tree:
      sha256: 4ff5e17f1277fdc7c2a2d3ddd6a314847bbb4564d052fdc5115fb0a047133104
      size: 2600
  original:
    hackage: llvm-hs-pure-9.0.0
- completed:
    commit: f6d5a752965bb0f72a9273cd09e7cf14bb1ab5de
    git: https://github.com/llvm-hs/llvm-hs-pretty.git
    name: llvm-hs-pretty
    pantry-tree:
      sha256: 4cb18ad54977ee5a52f819d869c966487b3946932c7e7e93b4083f5388fb4e16
      size: 5223
    version: 0.9.0.0
  original:
    commit: f6d5a752965bb0f72a9273cd09e7cf14bb1ab5de
    git: https://github.com/llvm-hs/llvm-hs-pretty.git
- completed:
    hackage: alex-3.5.4.0@sha256:38b3481bb0d5eb58c9dd6579e7904859372c3c0c82a8db86e58177649c289621,4546
    pantry-tree:
      sha256: 48b7c82f5143bcce7b7a3dfafa8aa7a681e6b29760f3f20b3dfab24cd9843e4e
      size: 4771
  original:
    hackage: alex-3.5.4.0@sha256:38b3481bb0d5eb58c9dd6579e7904859372c3c0c82a8db86e58177649c289621,4546
- completed:
    hackage: pretty-simple-4.1.3.0@sha256:560989fdbbff12aa1c93d4c2b03bed06ee9b364088015c0ecd609106c71df109,3588
    pantry-tree:
      sha256: c62d0853a68784b157224ce95be1079afab0b74cfadbd7cab04b33ab6b725d10
      size: 1127
  original:
    hackage: pretty-simple-4.1.3.0@sha256:560989fdbbff12aa1c93d4c2b03bed06ee9b364088015c0ecd609106c71df109,3588
- completed:
    hackage: data-array-byte-0.1.0.1@sha256:0cf2a0543fb7003e0389c92840ee6326cadf762266da9cb13d67dff7c189ae1b,2044
    pantry-tree:
      sha256: 17690089a6e410697ca56b39f1d1ff7286caa495a146756c182c1b6fd42607c4
      size: 326
  original:
    hackage: data-array-byte-0.1.0.1@sha256:0cf2a0543fb7003e0389c92840ee6326cadf762266da9cb13d67dff7c189ae1b,2044
- completed:
    hackage: hspec-2.11.14@sha256:3f64a271b4f00ee277cd34330881682441a45110b3184940384a00fd7a972af2,1766
    pantry-tree:
      sha256: c931de6c82f0c17e044b97b4d8523f20f97165418ea6638e2d6a4085ab63e71f
      size: 584
  original:
    hackage: hspec-2.11.14@sha256:3f64a271b4f00ee277cd34330881682441a45110b3184940384a00fd7a972af2,1766
- completed:
    hackage: hspec-core-2.11.14@sha256:2c1e937321c80682dbd7855bafd82fca64c62cb3a85687435fae2c575404db3e,7390
    pantry-tree:
      sha256: a84c0596cbf686a098bac25dc8746226fd80b0be48468664a148bc99088153be
      size: 6840
  original:
    hackage: hspec-core-2.11.14@sha256:2c1e937321c80682dbd7855bafd82fca64c62cb3a85687435fae2c575404db3e,7390
- completed:
    hackage: hspec-discover-2.11.14@sha256:d6567d74efc925ccb27763a22ea53fe4e04d45dd528e8e33e93e8f3b8a29e6c3,2171
    pantry-tree:
      sha256: a7ad465ffb301e938d9a6cbeebdb52e61152de98d597ad6754ff9c0e9be9aa44
      size: 829
  original:
    hackage: hspec-discover-2.11.14@sha256:d6567d74efc925ccb27763a22ea53fe4e04d45dd528e8e33e93e8f3b8a29e6c3,2171
- completed:
    hackage: hspec-expectations-0.8.4@sha256:4237f094a7931202ff57ac6475542b0b314b50a7024550e2b6eb87cfb0d4ff93,1702
    pantry-tree:
      sha256: 87681840d430b84686f83f1ab8b5873b09c349775698665233443914acf9ba2b
      size: 741
  original:
    hackage: hspec-expectations-0.8.4@sha256:4237f094a7931202ff57ac6475542b0b314b50a7024550e2b6eb87cfb0d4ff93,1702
snapshots:
- completed:
    sha256: 6d1532d40621957a25bad5195bfca7938e8a06d923c91bc52aa0f3c41181f2d4
    size: 619204
    url: https://raw.githubusercontent.com/commercialhaskell/stackage-snapshots/master/lts/19/33.yaml
  original: lts-19.33
